
Microsoft Visual Studio Solution File, Format Version 12.00
# Visual Studio Version 16
VisualStudioVersion = 16.0.31702.278
MinimumVisualStudioVersion = 10.0.40219.1
Project("{FAE04EC0-301F-11D3-BF4B-00C04F79EFBC}") = "Interface", "Exam\Interface.csproj", "{B6E0EBD4-7AC2-4FE7-80B8-7028BBBDB22E}"
EndProject
Project("{FAE04EC0-301F-11D3-BF4B-00C04F79EFBC}") = "DelegateAndEvents", "DelegateAndEvents\DelegateAndEvents.csproj", "{D27A42AE-358D-47AE-95B0-BBEA8C8EA2D7}"
EndProject
Project("{FAE04EC0-301F-11D3-BF4B-00C04F79EFBC}") = "Encapsulation", "Encapsulation\Encapsulation.csproj", "{CF97C870-3255-4757-86EB-C0436071925F}"
EndProject
Global
	GlobalSection(SolutionConfigurationPlatforms) = preSolution
		Debug|Any CPU = Debug|Any CPU
		Release|Any CPU = Release|Any CPU
	EndGlobalSection
	GlobalSection(ProjectConfigurationPlatforms) = postSolution
		{B6E0EBD4-7AC2-4FE7-80B8-7028BBBDB22E}.Debug|Any CPU.ActiveCfg = Debug|Any CPU
		{B6E0EBD4-7AC2-4FE7-80B8-7028BBBDB22E}.Debug|Any CPU.Build.0 = Debug|Any CPU
		{B6E0EBD4-7AC2-4FE7-80B8-7028BBBDB22E}.Release|Any CPU.ActiveCfg = Release|Any CPU
		{B6E0EBD4-7AC2-4FE7-80B8-7028BBBDB22E}.Release|Any CPU.Build.0 = Release|Any CPU
		{D27A42AE-358D-47AE-95B0-BBEA8C8EA2D7}.Debug|Any CPU.ActiveCfg = Debug|Any CPU
		{D27A42AE-358D-47AE-95B0-BBEA8C8EA2D7}.Debug|Any CPU.Build.0 = Debug|Any CPU
		{D27A42AE-358D-47AE-95B0-BBEA8C8EA2D7}.Release|Any CPU.ActiveCfg = Release|Any CPU
		{D27A42AE-358D-47AE-95B0-BBEA8C8EA2D7}.Release|Any CPU.Build.0 = Release|Any CPU
		{CF97C870-3255-4757-86EB-C0436071925F}.Debug|Any CPU.ActiveCfg = Debug|Any CPU
		{CF97C870-3255-4757-86EB-C0436071925F}.Debug|Any CPU.Build.0 = Debug|Any CPU
		{CF97C870-3255-4757-86EB-C0436071925F}.Release|Any CPU.ActiveCfg = Release|Any CPU
		{CF97C870-3255-4757-86EB-C0436071925F}.Release|Any CPU.Build.0 = Release|Any CPU
	EndGlobalSection
	GlobalSection(SolutionProperties) = preSolution
		HideSolutionNode = FALSE
	EndGlobalSection
	GlobalSection(ExtensibilityGlobals) = postSolution
		SolutionGuid = {E0A31FAC-CCBB-4B01-ADE8-CB074A107971}
	EndGlobalSection
EndGlobal
